PODS:
  - Aspects (1.4.1)
  - JSONModel (1.3.0)
  - KVOController (1.1.0)
  - RegExCategories (1.0)
  - UMengAnalytics-NO-IDFA (4.1.1)

DEPENDENCIES:
  - Aspects
  - JSONModel
  - KVOController
  - RegExCategories
  - UMengAnalytics-NO-IDFA

SPEC CHECKSUMS:
  Aspects: 7595ba96a6727a58ebcbfc954497fc5d2fdde546
  JSONModel: 81c06ecf99190a25fa6aafceea5faffa7880868a
  KVOController: 321b5fc59300fcaabd42c0f679baa7a27efbb2fd
  RegExCategories: e68befacacd5bda853c88f70ec745cb2d0cfb89c
  UMengAnalytics-NO-IDFA: 1064992c1b7aaa22823179c0b33a664813fd7a85

PODFILE CHECKSUM: ab663659c16603e13a3855072a59626ada8a57ec

COCOAPODS: 1.0.1
