// !$*UTF8*$!
{
	archiveVersion = 1;
	classes = {
	};
	objectVersion = 46;
	objects = {

/* Begin PBXBuildFile section */
		4105A7911D6FDF8D00215D76 /* KLScaleTransition.m in Sources */ = {isa = PBXBuildFile; fileRef = 4105A7901D6FDF8D00215D76 /* KLScaleTransition.m */; };
		4105A7941D6FDFA900215D76 /* KLCircleTransition.m in Sources */ = {isa = PBXBuildFile; fileRef = 4105A7931D6FDFA900215D76 /* KLCircleTransition.m */; };
		4105A7971D70120500215D76 /* KLBaseTransition.m in Sources */ = {isa = PBXBuildFile; fileRef = 4105A7961D70120500215D76 /* KLBaseTransition.m */; };
		4110BACA1D62E841001BCD38 /* KLStatusBar.m in Sources */ = {isa = PBXBuildFile; fileRef = 4110BAC91D62E841001BCD38 /* KLStatusBar.m */; };
		415BFE791D5B1D01002053D6 /* InfoPlist.strings in Resources */ = {isa = PBXBuildFile; fileRef = 415BFE731D5B1D01002053D6 /* InfoPlist.strings */; };
		415BFE7A1D5B1D01002053D6 /* Localizable.strings in Resources */ = {isa = PBXBuildFile; fileRef = 415BFE751D5B1D01002053D6 /* Localizable.strings */; };
		415BFE7B1D5B1D01002053D6 /* Localizable.stringsdict in Resources */ = {isa = PBXBuildFile; fileRef = 415BFE771D5B1D01002053D6 /* Localizable.stringsdict */; };
		415BFE901D5B20FC002053D6 /* KLAlbumCell.m in Sources */ = {isa = PBXBuildFile; fileRef = 415BFE871D5B20FC002053D6 /* KLAlbumCell.m */; };
		415BFE911D5B20FC002053D6 /* KLCircleLayout.m in Sources */ = {isa = PBXBuildFile; fileRef = 415BFE891D5B20FC002053D6 /* KLCircleLayout.m */; };
		415BFE921D5B20FC002053D6 /* KLDrawBoxCell.m in Sources */ = {isa = PBXBuildFile; fileRef = 415BFE8B1D5B20FC002053D6 /* KLDrawBoxCell.m */; };
		415BFE931D5B20FC002053D6 /* KLSegmentControl.m in Sources */ = {isa = PBXBuildFile; fileRef = 415BFE8D1D5B20FC002053D6 /* KLSegmentControl.m */; };
		415BFE941D5B20FC002053D6 /* KLTableViewCell.m in Sources */ = {isa = PBXBuildFile; fileRef = 415BFE8F1D5B20FC002053D6 /* KLTableViewCell.m */; };
		415BFE9B1D5B2106002053D6 /* PHAsset+Model.m in Sources */ = {isa = PBXBuildFile; fileRef = 415BFE961D5B2106002053D6 /* PHAsset+Model.m */; };
		415BFE9C1D5B2106002053D6 /* KLDrawBoxModel.m in Sources */ = {isa = PBXBuildFile; fileRef = 415BFE971D5B2106002053D6 /* KLDrawBoxModel.m */; };
		415BFE9D1D5B2106002053D6 /* PHAssetCollection+Model.m in Sources */ = {isa = PBXBuildFile; fileRef = 415BFE9A1D5B2106002053D6 /* PHAssetCollection+Model.m */; };
		41FE17171D5B10A200CABFCA /* main.m in Sources */ = {isa = PBXBuildFile; fileRef = 41FE17161D5B10A200CABFCA /* main.m */; };
		41FE171A1D5B10A200CABFCA /* AppDelegate.m in Sources */ = {isa = PBXBuildFile; fileRef = 41FE17191D5B10A200CABFCA /* AppDelegate.m */; };
		41FE17201D5B10A200CABFCA /* Main.storyboard in Resources */ = {isa = PBXBuildFile; fileRef = 41FE171E1D5B10A200CABFCA /* Main.storyboard */; };
		41FE17231D5B10A300CABFCA /* Raffle.xcdatamodeld in Sources */ = {isa = PBXBuildFile; fileRef = 41FE17211D5B10A300CABFCA /* Raffle.xcdatamodeld */; };
		41FE17251D5B10A300CABFCA /* Assets.xcassets in Resources */ = {isa = PBXBuildFile; fileRef = 41FE17241D5B10A300CABFCA /* Assets.xcassets */; };
		41FE17281D5B10A300CABFCA /* LaunchScreen.storyboard in Resources */ = {isa = PBXBuildFile; fileRef = 41FE17261D5B10A300CABFCA /* LaunchScreen.storyboard */; };
		41FE17331D5B10A300CABFCA /* RaffleTests.m in Sources */ = {isa = PBXBuildFile; fileRef = 41FE17321D5B10A300CABFCA /* RaffleTests.m */; };
		41FE173E1D5B10A300CABFCA /* RaffleUITests.m in Sources */ = {isa = PBXBuildFile; fileRef = 41FE173D1D5B10A300CABFCA /* RaffleUITests.m */; };
		41FE17651D5B15A300CABFCA /* KLSoundPlayer.m in Sources */ = {isa = PBXBuildFile; fileRef = 41FE17621D5B15A300CABFCA /* KLSoundPlayer.m */; };
		41FE17661D5B15A300CABFCA /* KLUtilities.m in Sources */ = {isa = PBXBuildFile; fileRef = 41FE17641D5B15A300CABFCA /* KLUtilities.m */; };
		41FE178B1D5B15AB00CABFCA /* NSData+Base.m in Sources */ = {isa = PBXBuildFile; fileRef = 41FE17681D5B15AB00CABFCA /* NSData+Base.m */; };
		41FE178C1D5B15AB00CABFCA /* NSDate+Base.m in Sources */ = {isa = PBXBuildFile; fileRef = 41FE176A1D5B15AB00CABFCA /* NSDate+Base.m */; };
		41FE178D1D5B15AB00CABFCA /* NSLayoutConstraint+Base.m in Sources */ = {isa = PBXBuildFile; fileRef = 41FE176C1D5B15AB00CABFCA /* NSLayoutConstraint+Base.m */; };
		41FE178E1D5B15AB00CABFCA /* NSString+Base.m in Sources */ = {isa = PBXBuildFile; fileRef = 41FE176E1D5B15AB00CABFCA /* NSString+Base.m */; };
		41FE178F1D5B15AB00CABFCA /* NSTimer+Base.m in Sources */ = {isa = PBXBuildFile; fileRef = 41FE17701D5B15AB00CABFCA /* NSTimer+Base.m */; };
		41FE17901D5B15AB00CABFCA /* UIAlertController+Base.m in Sources */ = {isa = PBXBuildFile; fileRef = 41FE17721D5B15AB00CABFCA /* UIAlertController+Base.m */; };
		41FE17911D5B15AB00CABFCA /* UIBarButtonItem+Base.m in Sources */ = {isa = PBXBuildFile; fileRef = 41FE17741D5B15AB00CABFCA /* UIBarButtonItem+Base.m */; };
		41FE17921D5B15AB00CABFCA /* UIButton+Base.m in Sources */ = {isa = PBXBuildFile; fileRef = 41FE17761D5B15AB00CABFCA /* UIButton+Base.m */; };
		41FE17931D5B15AB00CABFCA /* UIColor+Base.m in Sources */ = {isa = PBXBuildFile; fileRef = 41FE17781D5B15AB00CABFCA /* UIColor+Base.m */; };
		41FE17941D5B15AB00CABFCA /* UIFont+Base.m in Sources */ = {isa = PBXBuildFile; fileRef = 41FE177A1D5B15AB00CABFCA /* UIFont+Base.m */; };
		41FE17951D5B15AB00CABFCA /* UIImage+Base.m in Sources */ = {isa = PBXBuildFile; fileRef = 41FE177C1D5B15AB00CABFCA /* UIImage+Base.m */; };
		41FE17961D5B15AB00CABFCA /* UIImageView+Base.m in Sources */ = {isa = PBXBuildFile; fileRef = 41FE177E1D5B15AB00CABFCA /* UIImageView+Base.m */; };
		41FE17971D5B15AB00CABFCA /* UILabel+Base.m in Sources */ = {isa = PBXBuildFile; fileRef = 41FE17801D5B15AB00CABFCA /* UILabel+Base.m */; };
		41FE17981D5B15AB00CABFCA /* UISwitch+Base.m in Sources */ = {isa = PBXBuildFile; fileRef = 41FE17821D5B15AB00CABFCA /* UISwitch+Base.m */; };
		41FE17991D5B15AB00CABFCA /* UITableViewCell+Base.m in Sources */ = {isa = PBXBuildFile; fileRef = 41FE17841D5B15AB00CABFCA /* UITableViewCell+Base.m */; };
		41FE179A1D5B15AB00CABFCA /* UIToolbar+Base.m in Sources */ = {isa = PBXBuildFile; fileRef = 41FE17861D5B15AB00CABFCA /* UIToolbar+Base.m */; };
		41FE179B1D5B15AB00CABFCA /* UIView+Base.m in Sources */ = {isa = PBXBuildFile; fileRef = 41FE17881D5B15AB00CABFCA /* UIView+Base.m */; };
		41FE179C1D5B15AB00CABFCA /* UIViewController+Base.m in Sources */ = {isa = PBXBuildFile; fileRef = 41FE178A1D5B15AB00CABFCA /* UIViewController+Base.m */; };
		41FE17A11D5B160700CABFCA /* Analytics.plist in Resources */ = {isa = PBXBuildFile; fileRef = 41FE179D1D5B160700CABFCA /* Analytics.plist */; };
		41FE17A21D5B160700CABFCA /* AppDelegate+Analytics.m in Sources */ = {isa = PBXBuildFile; fileRef = 41FE179F1D5B160700CABFCA /* AppDelegate+Analytics.m */; };
		CFF1CC9C5F50DB9B5B1B1C89 /* Pods_Raffle.framework in Frameworks */ = {isa = PBXBuildFile; fileRef = E1DAC92CEAA392608389D6F5 /* Pods_Raffle.framework */; };
		E30DF8A01D92E70300161EAE /* KLBubbleButton.m in Sources */ = {isa = PBXBuildFile; fileRef = E30DF89F1D92E70300161EAE /* KLBubbleButton.m */; };
		E30DF8A31D9827A300161EAE /* KLSwapTransition.m in Sources */ = {isa = PBXBuildFile; fileRef = E30DF8A21D9827A300161EAE /* KLSwapTransition.m */; };
		E30DF8A61D982EF200161EAE /* KLMatrixTransition.m in Sources */ = {isa = PBXBuildFile; fileRef = E30DF8A51D982EF200161EAE /* KLMatrixTransition.m */; };
		E30DF8AB1DA9618B00161EAE /* libAdapterInMobi.a in Frameworks */ = {isa = PBXBuildFile; fileRef = E30DF8AA1DA9618B00161EAE /* libAdapterInMobi.a */; };
		E30DF8AD1DA963FA00161EAE /* GoogleService-Info.plist in Resources */ = {isa = PBXBuildFile; fileRef = E30DF8AC1DA963FA00161EAE /* GoogleService-Info.plist */; };
		E3539C7A1D9041BD00CBE9F2 /* KLWinnerViewController.m in Sources */ = {isa = PBXBuildFile; fileRef = E3539C791D9041BD00CBE9F2 /* KLWinnerViewController.m */; };
		E3539C7D1D90421000CBE9F2 /* KLPreviewViewController.m in Sources */ = {isa = PBXBuildFile; fileRef = E3539C7C1D90421000CBE9F2 /* KLPreviewViewController.m */; };
		E3684C441D86DBFD004E4636 /* KLDrawBoxDataController.m in Sources */ = {isa = PBXBuildFile; fileRef = E3684C321D86DBFD004E4636 /* KLDrawBoxDataController.m */; };
		E3684C451D86DBFD004E4636 /* KLMainDataController.m in Sources */ = {isa = PBXBuildFile; fileRef = E3684C341D86DBFD004E4636 /* KLMainDataController.m */; };
		E3684C461D86DBFD004E4636 /* KLPhotoLibrary.m in Sources */ = {isa = PBXBuildFile; fileRef = E3684C361D86DBFD004E4636 /* KLPhotoLibrary.m */; };
		E3684C471D86DBFD004E4636 /* KLAlbumViewController.m in Sources */ = {isa = PBXBuildFile; fileRef = E3684C391D86DBFD004E4636 /* KLAlbumViewController.m */; };
		E3684C481D86DBFD004E4636 /* KLCameraViewController.m in Sources */ = {isa = PBXBuildFile; fileRef = E3684C3B1D86DBFD004E4636 /* KLCameraViewController.m */; };
		E3684C491D86DBFD004E4636 /* KLDrawBoxViewController.m in Sources */ = {isa = PBXBuildFile; fileRef = E3684C3D1D86DBFD004E4636 /* KLDrawBoxViewController.m */; };
		E3684C4A1D86DBFD004E4636 /* KLImagePickerController.m in Sources */ = {isa = PBXBuildFile; fileRef = E3684C3F1D86DBFD004E4636 /* KLImagePickerController.m */; };
		E3684C4B1D86DBFD004E4636 /* KLMainViewController.m in Sources */ = {isa = PBXBuildFile; fileRef = E3684C411D86DBFD004E4636 /* KLMainViewController.m */; };
		E3684C4C1D86DBFD004E4636 /* KLMoreViewController.m in Sources */ = {isa = PBXBuildFile; fileRef = E3684C431D86DBFD004E4636 /* KLMoreViewController.m */; };
		E3684C4F1D86DC20004E4636 /* KLDataController.m in Sources */ = {isa = PBXBuildFile; fileRef = E3684C4E1D86DC20004E4636 /* KLDataController.m */; };
		E378808C1D733937000FFCA4 /* CAAnimationGroup+Base.m in Sources */ = {isa = PBXBuildFile; fileRef = E378808B1D733937000FFCA4 /* CAAnimationGroup+Base.m */; };
		E378808F1D733AD1000FFCA4 /* CAAnimation+Base.m in Sources */ = {isa = PBXBuildFile; fileRef = E378808E1D733AD1000FFCA4 /* CAAnimation+Base.m */; };
		E37880921D74925B000FFCA4 /* CABasicAnimation+Base.m in Sources */ = {isa = PBXBuildFile; fileRef = E37880911D74925B000FFCA4 /* CABasicAnimation+Base.m */; };
		E37880951D74930D000FFCA4 /* CAShapeLayer+Base.m in Sources */ = {isa = PBXBuildFile; fileRef = E37880941D74930D000FFCA4 /* CAShapeLayer+Base.m */; };
		E3DDDF321D88553E008F3421 /* KLPhotoModel.m in Sources */ = {isa = PBXBuildFile; fileRef = E3DDDF311D88553E008F3421 /* KLPhotoModel.m */; };
		E3DDDF351D8858CE008F3421 /* KLMoreDataController.m in Sources */ = {isa = PBXBuildFile; fileRef = E3DDDF341D8858CE008F3421 /* KLMoreDataController.m */; };
/* End PBXBuildFile section */

/* Begin PBXContainerItemProxy section */
		41FE172F1D5B10A300CABFCA /* PBXContainerItemProxy */ = {
			isa = PBXContainerItemProxy;
			containerPortal = 41FE170A1D5B10A200CABFCA /* Project object */;
			proxyType = 1;
			remoteGlobalIDString = 41FE17111D5B10A200CABFCA;
			remoteInfo = Raffle;
		};
		41FE173A1D5B10A300CABFCA /* PBXContainerItemProxy */ = {
			isa = PBXContainerItemProxy;
			containerPortal = 41FE170A1D5B10A200CABFCA /* Project object */;
			proxyType = 1;
			remoteGlobalIDString = 41FE17111D5B10A200CABFCA;
			remoteInfo = Raffle;
		};
/* End PBXContainerItemProxy section */

/* Begin PBXFileReference section */
		183101FB2A61C20C18B6A692 /* Pods-Raffle.release.xcconfig */ = {isa = PBXFileReference; includeInIndex = 1; lastKnownFileType = text.xcconfig; name = "Pods-Raffle.release.xcconfig"; path = "Pods/Target Support Files/Pods-Raffle/Pods-Raffle.release.xcconfig"; sourceTree = "<group>"; };
		1C661C7D86BDECA7EBE90C73 /* Pods-Raffle.debug.xcconfig */ = {isa = PBXFileReference; includeInIndex = 1; lastKnownFileType = text.xcconfig; name = "Pods-Raffle.debug.xcconfig"; path = "Pods/Target Support Files/Pods-Raffle/Pods-Raffle.debug.xcconfig"; sourceTree = "<group>"; };
		4105A78F1D6FDF8D00215D76 /* KLScaleTransition.h */ = {isa = PBXFileReference; fileEncoding = 4; lastKnownFileType = sourcecode.c.h; path = KLScaleTransition.h; sourceTree = "<group>"; };
		4105A7901D6FDF8D00215D76 /* KLScaleTransition.m */ = {isa = PBXFileReference; fileEncoding = 4; lastKnownFileType = sourcecode.c.objc; path = KLScaleTransition.m; sourceTree = "<group>"; };
		4105A7921D6FDFA900215D76 /* KLCircleTransition.h */ = {isa = PBXFileReference; fileEncoding = 4; lastKnownFileType = sourcecode.c.h; path = KLCircleTransition.h; sourceTree = "<group>"; };
		4105A7931D6FDFA900215D76 /* KLCircleTransition.m */ = {isa = PBXFileReference; fileEncoding = 4; lastKnownFileType = sourcecode.c.objc; path = KLCircleTransition.m; sourceTree = "<group>"; };
		4105A7951D70120500215D76 /* KLBaseTransition.h */ = {isa = PBXFileReference; fileEncoding = 4; lastKnownFileType = sourcecode.c.h; path = KLBaseTransition.h; sourceTree = "<group>"; };
		4105A7961D70120500215D76 /* KLBaseTransition.m */ = {isa = PBXFileReference; fileEncoding = 4; lastKnownFileType = sourcecode.c.objc; path = KLBaseTransition.m; sourceTree = "<group>"; };
		4110BAC81D62E841001BCD38 /* KLStatusBar.h */ = {isa = PBXFileReference; fileEncoding = 4; lastKnownFileType = sourcecode.c.h; path = KLStatusBar.h; sourceTree = "<group>"; };
		4110BAC91D62E841001BCD38 /* KLStatusBar.m */ = {isa = PBXFileReference; fileEncoding = 4; lastKnownFileType = sourcecode.c.objc; path = KLStatusBar.m; sourceTree = "<group>"; };
		415BFE741D5B1D01002053D6 /* Base */ = {isa = PBXFileReference; lastKnownFileType = text.plist.strings; name = Base; path = Base.lproj/InfoPlist.strings; sourceTree = "<group>"; };
		415BFE761D5B1D01002053D6 /* Base */ = {isa = PBXFileReference; lastKnownFileType = text.plist.strings; name = Base; path = Base.lproj/Localizable.strings; sourceTree = "<group>"; };
		415BFE781D5B1D01002053D6 /* Base */ = {isa = PBXFileReference; lastKnownFileType = text.plist.stringsdict; name = Base; path = Base.lproj/Localizable.stringsdict; sourceTree = "<group>"; };
		415BFE7C1D5B1D18002053D6 /* zh-Hans */ = {isa = PBXFileReference; lastKnownFileType = text.plist.strings; name = "zh-Hans"; path = "zh-Hans.lproj/InfoPlist.strings"; sourceTree = "<group>"; };
		415BFE7D1D5B1D18002053D6 /* zh-Hans */ = {isa = PBXFileReference; lastKnownFileType = text.plist.strings; name = "zh-Hans"; path = "zh-Hans.lproj/Localizable.strings"; sourceTree = "<group>"; };
		415BFE7E1D5B1D18002053D6 /* zh-Hans */ = {isa = PBXFileReference; lastKnownFileType = text.plist.stringsdict; name = "zh-Hans"; path = "zh-Hans.lproj/Localizable.stringsdict"; sourceTree = "<group>"; };
		415BFE7F1D5B1D1E002053D6 /* zh-Hant */ = {isa = PBXFileReference; lastKnownFileType = text.plist.strings; name = "zh-Hant"; path = "zh-Hant.lproj/InfoPlist.strings"; sourceTree = "<group>"; };
		415BFE801D5B1D1E002053D6 /* zh-Hant */ = {isa = PBXFileReference; lastKnownFileType = text.plist.strings; name = "zh-Hant"; path = "zh-Hant.lproj/Localizable.strings"; sourceTree = "<group>"; };
		415BFE811D5B1D1E002053D6 /* zh-Hant */ = {isa = PBXFileReference; lastKnownFileType = text.plist.stringsdict; name = "zh-Hant"; path = "zh-Hant.lproj/Localizable.stringsdict"; sourceTree = "<group>"; };
		415BFE821D5B1D30002053D6 /* ja */ = {isa = PBXFileReference; lastKnownFileType = text.plist.strings; name = ja; path = ja.lproj/InfoPlist.strings; sourceTree = "<group>"; };
		415BFE831D5B1D30002053D6 /* ja */ = {isa = PBXFileReference; lastKnownFileType = text.plist.strings; name = ja; path = ja.lproj/Localizable.strings; sourceTree = "<group>"; };
		415BFE841D5B1D30002053D6 /* ja */ = {isa = PBXFileReference; lastKnownFileType = text.plist.stringsdict; name = ja; path = ja.lproj/Localizable.stringsdict; sourceTree = "<group>"; };
		415BFE861D5B20FC002053D6 /* KLAlbumCell.h */ = {isa = PBXFileReference; fileEncoding = 4; lastKnownFileType = sourcecode.c.h; path = KLAlbumCell.h; sourceTree = "<group>"; };
		415BFE871D5B20FC002053D6 /* KLAlbumCell.m */ = {isa = PBXFileReference; fileEncoding = 4; lastKnownFileType = sourcecode.c.objc; path = KLAlbumCell.m; sourceTree = "<group>"; };
		415BFE881D5B20FC002053D6 /* KLCircleLayout.h */ = {isa = PBXFileReference; fileEncoding = 4; lastKnownFileType = sourcecode.c.h; path = KLCircleLayout.h; sourceTree = "<group>"; };
		415BFE891D5B20FC002053D6 /* KLCircleLayout.m */ = {isa = PBXFileReference; fileEncoding = 4; lastKnownFileType = sourcecode.c.objc; path = KLCircleLayout.m; sourceTree = "<group>"; };
		415BFE8A1D5B20FC002053D6 /* KLDrawBoxCell.h */ = {isa = PBXFileReference; fileEncoding = 4; lastKnownFileType = sourcecode.c.h; path = KLDrawBoxCell.h; sourceTree = "<group>"; };
		415BFE8B1D5B20FC002053D6 /* KLDrawBoxCell.m */ = {isa = PBXFileReference; fileEncoding = 4; lastKnownFileType = sourcecode.c.objc; path = KLDrawBoxCell.m; sourceTree = "<group>"; };
		415BFE8C1D5B20FC002053D6 /* KLSegmentControl.h */ = {isa = PBXFileReference; fileEncoding = 4; lastKnownFileType = sourcecode.c.h; path = KLSegmentControl.h; sourceTree = "<group>"; };
		415BFE8D1D5B20FC002053D6 /* KLSegmentControl.m */ = {isa = PBXFileReference; fileEncoding = 4; lastKnownFileType = sourcecode.c.objc; path = KLSegmentControl.m; sourceTree = "<group>"; };
		415BFE8E1D5B20FC002053D6 /* KLTableViewCell.h */ = {isa = PBXFileReference; fileEncoding = 4; lastKnownFileType = sourcecode.c.h; path = KLTableViewCell.h; sourceTree = "<group>"; };
		415BFE8F1D5B20FC002053D6 /* KLTableViewCell.m */ = {isa = PBXFileReference; fileEncoding = 4; lastKnownFileType = sourcecode.c.objc; path = KLTableViewCell.m; sourceTree = "<group>"; };
		415BFE951D5B2106002053D6 /* KLDrawBoxModel.h */ = {isa = PBXFileReference; fileEncoding = 4; lastKnownFileType = sourcecode.c.h; path = KLDrawBoxModel.h; sourceTree = "<group>"; };
		415BFE961D5B2106002053D6 /* PHAsset+Model.m */ = {isa = PBXFileReference; fileEncoding = 4; lastKnownFileType = sourcecode.c.objc; path = "PHAsset+Model.m"; sourceTree = "<group>"; };
		415BFE971D5B2106002053D6 /* KLDrawBoxModel.m */ = {isa = PBXFileReference; fileEncoding = 4; lastKnownFileType = sourcecode.c.objc; path = KLDrawBoxModel.m; sourceTree = "<group>"; };
		415BFE981D5B2106002053D6 /* PHAsset+Model.h */ = {isa = PBXFileReference; fileEncoding = 4; lastKnownFileType = sourcecode.c.h; path = "PHAsset+Model.h"; sourceTree = "<group>"; };
		415BFE991D5B2106002053D6 /* PHAssetCollection+Model.h */ = {isa = PBXFileReference; fileEncoding = 4; lastKnownFileType = sourcecode.c.h; path = "PHAssetCollection+Model.h"; sourceTree = "<group>"; };
		415BFE9A1D5B2106002053D6 /* PHAssetCollection+Model.m */ = {isa = PBXFileReference; fileEncoding = 4; lastKnownFileType = sourcecode.c.objc; path = "PHAssetCollection+Model.m"; sourceTree = "<group>"; };
		41FE17121D5B10A200CABFCA /* Raffle.app */ = {isa = PBXFileReference; explicitFileType = wrapper.application; includeInIndex = 0; path = Raffle.app; sourceTree = BUILT_PRODUCTS_DIR; };
		41FE17161D5B10A200CABFCA /* main.m */ = {isa = PBXFileReference; lastKnownFileType = sourcecode.c.objc; path = main.m; sourceTree = "<group>"; };
		41FE17181D5B10A200CABFCA /* AppDelegate.h */ = {isa = PBXFileReference; lastKnownFileType = sourcecode.c.h; path = AppDelegate.h; sourceTree = "<group>"; };
		41FE17191D5B10A200CABFCA /* AppDelegate.m */ = {isa = PBXFileReference; lastKnownFileType = sourcecode.c.objc; path = AppDelegate.m; sourceTree = "<group>"; };
		41FE171F1D5B10A200CABFCA /* Base */ = {isa = PBXFileReference; lastKnownFileType = file.storyboard; name = Base; path = Base.lproj/Main.storyboard; sourceTree = "<group>"; };
		41FE17221D5B10A300CABFCA /* Raffle.xcdatamodel */ = {isa = PBXFileReference; lastKnownFileType = wrapper.xcdatamodel; path = Raffle.xcdatamodel; sourceTree = "<group>"; };
		41FE17241D5B10A300CABFCA /* Assets.xcassets */ = {isa = PBXFileReference; lastKnownFileType = folder.assetcatalog; path = Assets.xcassets; sourceTree = "<group>"; };
		41FE17271D5B10A300CABFCA /* Base */ = {isa = PBXFileReference; lastKnownFileType = file.storyboard; name = Base; path = Base.lproj/LaunchScreen.storyboard; sourceTree = "<group>"; };
		41FE17291D5B10A300CABFCA /* Info.plist */ = {isa = PBXFileReference; lastKnownFileType = text.plist.xml; path = Info.plist; sourceTree = "<group>"; };
		41FE172E1D5B10A300CABFCA /* RaffleTests.xctest */ = {isa = PBXFileReference; explicitFileType = wrapper.cfbundle; includeInIndex = 0; path = RaffleTests.xctest; sourceTree = BUILT_PRODUCTS_DIR; };
		41FE17321D5B10A300CABFCA /* RaffleTests.m */ = {isa = PBXFileReference; lastKnownFileType = sourcecode.c.objc; path = RaffleTests.m; sourceTree = "<group>"; };
		41FE17341D5B10A300CABFCA /* Info.plist */ = {isa = PBXFileReference; lastKnownFileType = text.plist.xml; path = Info.plist; sourceTree = "<group>"; };
		41FE17391D5B10A300CABFCA /* RaffleUITests.xctest */ = {isa = PBXFileReference; explicitFileType = wrapper.cfbundle; includeInIndex = 0; path = RaffleUITests.xctest; sourceTree = BUILT_PRODUCTS_DIR; };
		41FE173D1D5B10A300CABFCA /* RaffleUITests.m */ = {isa = PBXFileReference; lastKnownFileType = sourcecode.c.objc; path = RaffleUITests.m; sourceTree = "<group>"; };
		41FE173F1D5B10A300CABFCA /* Info.plist */ = {isa = PBXFileReference; lastKnownFileType = text.plist.xml; path = Info.plist; sourceTree = "<group>"; };
		41FE17601D5B15A300CABFCA /* KLLocalizableConstant.h */ = {isa = PBXFileReference; fileEncoding = 4; lastKnownFileType = sourcecode.c.h; path = KLLocalizableConstant.h; sourceTree = "<group>"; };
		41FE17611D5B15A300CABFCA /* KLSoundPlayer.h */ = {isa = PBXFileReference; fileEncoding = 4; lastKnownFileType = sourcecode.c.h; path = KLSoundPlayer.h; sourceTree = "<group>"; };
		41FE17621D5B15A300CABFCA /* KLSoundPlayer.m */ = {isa = PBXFileReference; fileEncoding = 4; lastKnownFileType = sourcecode.c.objc; path = KLSoundPlayer.m; sourceTree = "<group>"; };
		41FE17631D5B15A300CABFCA /* KLUtilities.h */ = {isa = PBXFileReference; fileEncoding = 4; lastKnownFileType = sourcecode.c.h; path = KLUtilities.h; sourceTree = "<group>"; };
		41FE17641D5B15A300CABFCA /* KLUtilities.m */ = {isa = PBXFileReference; fileEncoding = 4; lastKnownFileType = sourcecode.c.objc; path = KLUtilities.m; sourceTree = "<group>"; };
		41FE17671D5B15AB00CABFCA /* NSData+Base.h */ = {isa = PBXFileReference; fileEncoding = 4; lastKnownFileType = sourcecode.c.h; path = "NSData+Base.h"; sourceTree = "<group>"; };
		41FE17681D5B15AB00CABFCA /* NSData+Base.m */ = {isa = PBXFileReference; fileEncoding = 4; lastKnownFileType = sourcecode.c.objc; path = "NSData+Base.m"; sourceTree = "<group>"; };
		41FE17691D5B15AB00CABFCA /* NSDate+Base.h */ = {isa = PBXFileReference; fileEncoding = 4; lastKnownFileType = sourcecode.c.h; path = "NSDate+Base.h"; sourceTree = "<group>"; };
		41FE176A1D5B15AB00CABFCA /* NSDate+Base.m */ = {isa = PBXFileReference; fileEncoding = 4; lastKnownFileType = sourcecode.c.objc; path = "NSDate+Base.m"; sourceTree = "<group>"; };
		41FE176B1D5B15AB00CABFCA /* NSLayoutConstraint+Base.h */ = {isa = PBXFileReference; fileEncoding = 4; lastKnownFileType = sourcecode.c.h; path = "NSLayoutConstraint+Base.h"; sourceTree = "<group>"; };
		41FE176C1D5B15AB00CABFCA /* NSLayoutConstraint+Base.m */ = {isa = PBXFileReference; fileEncoding = 4; lastKnownFileType = sourcecode.c.objc; path = "NSLayoutConstraint+Base.m"; sourceTree = "<group>"; };
		41FE176D1D5B15AB00CABFCA /* NSString+Base.h */ = {isa = PBXFileReference; fileEncoding = 4; lastKnownFileType = sourcecode.c.h; path = "NSString+Base.h"; sourceTree = "<group>"; };
		41FE176E1D5B15AB00CABFCA /* NSString+Base.m */ = {isa = PBXFileReference; fileEncoding = 4; lastKnownFileType = sourcecode.c.objc; path = "NSString+Base.m"; sourceTree = "<group>"; };
		41FE176F1D5B15AB00CABFCA /* NSTimer+Base.h */ = {isa = PBXFileReference; fileEncoding = 4; lastKnownFileType = sourcecode.c.h; path = "NSTimer+Base.h"; sourceTree = "<group>"; };
		41FE17701D5B15AB00CABFCA /* NSTimer+Base.m */ = {isa = PBXFileReference; fileEncoding = 4; lastKnownFileType = sourcecode.c.objc; path = "NSTimer+Base.m"; sourceTree = "<group>"; };
		41FE17711D5B15AB00CABFCA /* UIAlertController+Base.h */ = {isa = PBXFileReference; fileEncoding = 4; lastKnownFileType = sourcecode.c.h; path = "UIAlertController+Base.h"; sourceTree = "<group>"; };
		41FE17721D5B15AB00CABFCA /* UIAlertController+Base.m */ = {isa = PBXFileReference; fileEncoding = 4; lastKnownFileType = sourcecode.c.objc; path = "UIAlertController+Base.m"; sourceTree = "<group>"; };
		41FE17731D5B15AB00CABFCA /* UIBarButtonItem+Base.h */ = {isa = PBXFileReference; fileEncoding = 4; lastKnownFileType = sourcecode.c.h; path = "UIBarButtonItem+Base.h"; sourceTree = "<group>"; };
		41FE17741D5B15AB00CABFCA /* UIBarButtonItem+Base.m */ = {isa = PBXFileReference; fileEncoding = 4; lastKnownFileType = sourcecode.c.objc; path = "UIBarButtonItem+Base.m"; sourceTree = "<group>"; };
		41FE17751D5B15AB00CABFCA /* UIButton+Base.h */ = {isa = PBXFileReference; fileEncoding = 4; lastKnownFileType = sourcecode.c.h; path = "UIButton+Base.h"; sourceTree = "<group>"; };
		41FE17761D5B15AB00CABFCA /* UIButton+Base.m */ = {isa = PBXFileReference; fileEncoding = 4; lastKnownFileType = sourcecode.c.objc; path = "UIButton+Base.m"; sourceTree = "<group>"; };
		41FE17771D5B15AB00CABFCA /* UIColor+Base.h */ = {isa = PBXFileReference; fileEncoding = 4; lastKnownFileType = sourcecode.c.h; path = "UIColor+Base.h"; sourceTree = "<group>"; };
		41FE17781D5B15AB00CABFCA /* UIColor+Base.m */ = {isa = PBXFileReference; fileEncoding = 4; lastKnownFileType = sourcecode.c.objc; path = "UIColor+Base.m"; sourceTree = "<group>"; };
		41FE17791D5B15AB00CABFCA /* UIFont+Base.h */ = {isa = PBXFileReference; fileEncoding = 4; lastKnownFileType = sourcecode.c.h; path = "UIFont+Base.h"; sourceTree = "<group>"; };
		41FE177A1D5B15AB00CABFCA /* UIFont+Base.m */ = {isa = PBXFileReference; fileEncoding = 4; lastKnownFileType = sourcecode.c.objc; path = "UIFont+Base.m"; sourceTree = "<group>"; };
		41FE177B1D5B15AB00CABFCA /* UIImage+Base.h */ = {isa = PBXFileReference; fileEncoding = 4; lastKnownFileType = sourcecode.c.h; path = "UIImage+Base.h"; sourceTree = "<group>"; };
		41FE177C1D5B15AB00CABFCA /* UIImage+Base.m */ = {isa = PBXFileReference; fileEncoding = 4; lastKnownFileType = sourcecode.c.objc; path = "UIImage+Base.m"; sourceTree = "<group>"; };
		41FE177D1D5B15AB00CABFCA /* UIImageView+Base.h */ = {isa = PBXFileReference; fileEncoding = 4; lastKnownFileType = sourcecode.c.h; path = "UIImageView+Base.h"; sourceTree = "<group>"; };
		41FE177E1D5B15AB00CABFCA /* UIImageView+Base.m */ = {isa = PBXFileReference; fileEncoding = 4; lastKnownFileType = sourcecode.c.objc; path = "UIImageView+Base.m"; sourceTree = "<group>"; };
		41FE177F1D5B15AB00CABFCA /* UILabel+Base.h */ = {isa = PBXFileReference; fileEncoding = 4; lastKnownFileType = sourcecode.c.h; path = "UILabel+Base.h"; sourceTree = "<group>"; };
		41FE17801D5B15AB00CABFCA /* UILabel+Base.m */ = {isa = PBXFileReference; fileEncoding = 4; lastKnownFileType = sourcecode.c.objc; path = "UILabel+Base.m"; sourceTree = "<group>"; };
		41FE17811D5B15AB00CABFCA /* UISwitch+Base.h */ = {isa = PBXFileReference; fileEncoding = 4; lastKnownFileType = sourcecode.c.h; path = "UISwitch+Base.h"; sourceTree = "<group>"; };
		41FE17821D5B15AB00CABFCA /* UISwitch+Base.m */ = {isa = PBXFileReference; fileEncoding = 4; lastKnownFileType = sourcecode.c.objc; path = "UISwitch+Base.m"; sourceTree = "<group>"; };
		41FE17831D5B15AB00CABFCA /* UITableViewCell+Base.h */ = {isa = PBXFileReference; fileEncoding = 4; lastKnownFileType = sourcecode.c.h; path = "UITableViewCell+Base.h"; sourceTree = "<group>"; };
		41FE17841D5B15AB00CABFCA /* UITableViewCell+Base.m */ = {isa = PBXFileReference; fileEncoding = 4; lastKnownFileType = sourcecode.c.objc; path = "UITableViewCell+Base.m"; sourceTree = "<group>"; };
		41FE17851D5B15AB00CABFCA /* UIToolbar+Base.h */ = {isa = PBXFileReference; fileEncoding = 4; lastKnownFileType = sourcecode.c.h; path = "UIToolbar+Base.h"; sourceTree = "<group>"; };
		41FE17861D5B15AB00CABFCA /* UIToolbar+Base.m */ = {isa = PBXFileReference; fileEncoding = 4; lastKnownFileType = sourcecode.c.objc; path = "UIToolbar+Base.m"; sourceTree = "<group>"; };
		41FE17871D5B15AB00CABFCA /* UIView+Base.h */ = {isa = PBXFileReference; fileEncoding = 4; lastKnownFileType = sourcecode.c.h; path = "UIView+Base.h"; sourceTree = "<group>"; };
		41FE17881D5B15AB00CABFCA /* UIView+Base.m */ = {isa = PBXFileReference; fileEncoding = 4; lastKnownFileType = sourcecode.c.objc; path = "UIView+Base.m"; sourceTree = "<group>"; };
		41FE17891D5B15AB00CABFCA /* UIViewController+Base.h */ = {isa = PBXFileReference; fileEncoding = 4; lastKnownFileType = sourcecode.c.h; path = "UIViewController+Base.h"; sourceTree = "<group>"; };
		41FE178A1D5B15AB00CABFCA /* UIViewController+Base.m */ = {isa = PBXFileReference; fileEncoding = 4; lastKnownFileType = sourcecode.c.objc; path = "UIViewController+Base.m"; sourceTree = "<group>"; };
		41FE179D1D5B160700CABFCA /* Analytics.plist */ = {isa = PBXFileReference; fileEncoding = 4; lastKnownFileType = text.plist.xml; path = Analytics.plist; sourceTree = "<group>"; };
		41FE179E1D5B160700CABFCA /* AppDelegate+Analytics.h */ = {isa = PBXFileReference; fileEncoding = 4; lastKnownFileType = sourcecode.c.h; path = "AppDelegate+Analytics.h"; sourceTree = "<group>"; };
		41FE179F1D5B160700CABFCA /* AppDelegate+Analytics.m */ = {isa = PBXFileReference; fileEncoding = 4; lastKnownFileType = sourcecode.c.objc; path = "AppDelegate+Analytics.m"; sourceTree = "<group>"; };
		41FE17A01D5B160700CABFCA /* Prefix.pch */ = {isa = PBXFileReference; fileEncoding = 4; lastKnownFileType = sourcecode.c.h; path = Prefix.pch; sourceTree = "<group>"; };
		E1DAC92CEAA392608389D6F5 /* Pods_Raffle.framework */ = {isa = PBXFileReference; explicitFileType = wrapper.framework; includeInIndex = 0; path = Pods_Raffle.framework; sourceTree = BUILT_PRODUCTS_DIR; };
		E30DF89E1D92E70300161EAE /* KLBubbleButton.h */ = {isa = PBXFileReference; fileEncoding = 4; lastKnownFileType = sourcecode.c.h; path = KLBubbleButton.h; sourceTree = "<group>"; };
		E30DF89F1D92E70300161EAE /* KLBubbleButton.m */ = {isa = PBXFileReference; fileEncoding = 4; lastKnownFileType = sourcecode.c.objc; path = KLBubbleButton.m; sourceTree = "<group>"; };
		E30DF8A11D9827A300161EAE /* KLSwapTransition.h */ = {isa = PBXFileReference; fileEncoding = 4; lastKnownFileType = sourcecode.c.h; path = KLSwapTransition.h; sourceTree = "<group>"; };
		E30DF8A21D9827A300161EAE /* KLSwapTransition.m */ = {isa = PBXFileReference; fileEncoding = 4; lastKnownFileType = sourcecode.c.objc; path = KLSwapTransition.m; sourceTree = "<group>"; };
		E30DF8A41D982EF200161EAE /* KLMatrixTransition.h */ = {isa = PBXFileReference; fileEncoding = 4; lastKnownFileType = sourcecode.c.h; path = KLMatrixTransition.h; sourceTree = "<group>"; };
		E30DF8A51D982EF200161EAE /* KLMatrixTransition.m */ = {isa = PBXFileReference; fileEncoding = 4; lastKnownFileType = sourcecode.c.objc; path = KLMatrixTransition.m; sourceTree = "<group>"; };
		E30DF8A81DA9618B00161EAE /* GADInMobiExtras.h */ = {isa = PBXFileReference; fileEncoding = 4; lastKnownFileType = sourcecode.c.h; path = GADInMobiExtras.h; sourceTree = "<group>"; };
		E30DF8A91DA9618B00161EAE /* GADMAdapterInMobi.h */ = {isa = PBXFileReference; fileEncoding = 4; lastKnownFileType = sourcecode.c.h; path = GADMAdapterInMobi.h; sourceTree = "<group>"; };
		E30DF8AA1DA9618B00161EAE /* libAdapterInMobi.a */ = {isa = PBXFileReference; lastKnownFileType = archive.ar; path = libAdapterInMobi.a; sourceTree = "<group>"; };
		E30DF8AC1DA963FA00161EAE /* GoogleService-Info.plist */ = {isa = PBXFileReference; fileEncoding = 4; lastKnownFileType = text.plist.xml; path = "GoogleService-Info.plist"; sourceTree = "<group>"; };
		E3539C781D9041BD00CBE9F2 /* KLWinnerViewController.h */ = {isa = PBXFileReference; fileEncoding = 4; lastKnownFileType = sourcecode.c.h; path = KLWinnerViewController.h; sourceTree = "<group>"; };
		E3539C791D9041BD00CBE9F2 /* KLWinnerViewController.m */ = {isa = PBXFileReference; fileEncoding = 4; lastKnownFileType = sourcecode.c.objc; path = KLWinnerViewController.m; sourceTree = "<group>"; };
		E3539C7B1D90421000CBE9F2 /* KLPreviewViewController.h */ = {isa = PBXFileReference; fileEncoding = 4; lastKnownFileType = sourcecode.c.h; path = KLPreviewViewController.h; sourceTree = "<group>"; };
		E3539C7C1D90421000CBE9F2 /* KLPreviewViewController.m */ = {isa = PBXFileReference; fileEncoding = 4; lastKnownFileType = sourcecode.c.objc; path = KLPreviewViewController.m; sourceTree = "<group>"; };
		E3684C311D86DBFD004E4636 /* KLDrawBoxDataController.h */ = {isa = PBXFileReference; fileEncoding = 4; lastKnownFileType = sourcecode.c.h; path = KLDrawBoxDataController.h; sourceTree = "<group>"; };
		E3684C321D86DBFD004E4636 /* KLDrawBoxDataController.m */ = {isa = PBXFileReference; fileEncoding = 4; lastKnownFileType = sourcecode.c.objc; path = KLDrawBoxDataController.m; sourceTree = "<group>"; };
		E3684C331D86DBFD004E4636 /* KLMainDataController.h */ = {isa = PBXFileReference; fileEncoding = 4; lastKnownFileType = sourcecode.c.h; path = KLMainDataController.h; sourceTree = "<group>"; };
		E3684C341D86DBFD004E4636 /* KLMainDataController.m */ = {isa = PBXFileReference; fileEncoding = 4; lastKnownFileType = sourcecode.c.objc; path = KLMainDataController.m; sourceTree = "<group>"; };
		E3684C351D86DBFD004E4636 /* KLPhotoLibrary.h */ = {isa = PBXFileReference; fileEncoding = 4; lastKnownFileType = sourcecode.c.h; path = KLPhotoLibrary.h; sourceTree = "<group>"; };
		E3684C361D86DBFD004E4636 /* KLPhotoLibrary.m */ = {isa = PBXFileReference; fileEncoding = 4; lastKnownFileType = sourcecode.c.objc; path = KLPhotoLibrary.m; sourceTree = "<group>"; };
		E3684C381D86DBFD004E4636 /* KLAlbumViewController.h */ = {isa = PBXFileReference; fileEncoding = 4; lastKnownFileType = sourcecode.c.h; path = KLAlbumViewController.h; sourceTree = "<group>"; };
		E3684C391D86DBFD004E4636 /* KLAlbumViewController.m */ = {isa = PBXFileReference; fileEncoding = 4; lastKnownFileType = sourcecode.c.objc; path = KLAlbumViewController.m; sourceTree = "<group>"; };
		E3684C3A1D86DBFD004E4636 /* KLCameraViewController.h */ = {isa = PBXFileReference; fileEncoding = 4; lastKnownFileType = sourcecode.c.h; path = KLCameraViewController.h; sourceTree = "<group>"; };
		E3684C3B1D86DBFD004E4636 /* KLCameraViewController.m */ = {isa = PBXFileReference; fileEncoding = 4; lastKnownFileType = sourcecode.c.objc; path = KLCameraViewController.m; sourceTree = "<group>"; };
		E3684C3C1D86DBFD004E4636 /* KLDrawBoxViewController.h */ = {isa = PBXFileReference; fileEncoding = 4; lastKnownFileType = sourcecode.c.h; path = KLDrawBoxViewController.h; sourceTree = "<group>"; };
		E3684C3D1D86DBFD004E4636 /* KLDrawBoxViewController.m */ = {isa = PBXFileReference; fileEncoding = 4; lastKnownFileType = sourcecode.c.objc; path = KLDrawBoxViewController.m; sourceTree = "<group>"; };
		E3684C3E1D86DBFD004E4636 /* KLImagePickerController.h */ = {isa = PBXFileReference; fileEncoding = 4; lastKnownFileType = sourcecode.c.h; path = KLImagePickerController.h; sourceTree = "<group>"; };
		E3684C3F1D86DBFD004E4636 /* KLImagePickerController.m */ = {isa = PBXFileReference; fileEncoding = 4; lastKnownFileType = sourcecode.c.objc; path = KLImagePickerController.m; sourceTree = "<group>"; };
		E3684C401D86DBFD004E4636 /* KLMainViewController.h */ = {isa = PBXFileReference; fileEncoding = 4; lastKnownFileType = sourcecode.c.h; path = KLMainViewController.h; sourceTree = "<group>"; };
		E3684C411D86DBFD004E4636 /* KLMainViewController.m */ = {isa = PBXFileReference; fileEncoding = 4; lastKnownFileType = sourcecode.c.objc; path = KLMainViewController.m; sourceTree = "<group>"; };
		E3684C421D86DBFD004E4636 /* KLMoreViewController.h */ = {isa = PBXFileReference; fileEncoding = 4; lastKnownFileType = sourcecode.c.h; path = KLMoreViewController.h; sourceTree = "<group>"; };
		E3684C431D86DBFD004E4636 /* KLMoreViewController.m */ = {isa = PBXFileReference; fileEncoding = 4; lastKnownFileType = sourcecode.c.objc; path = KLMoreViewController.m; sourceTree = "<group>"; };
		E3684C4D1D86DC20004E4636 /* KLDataController.h */ = {isa = PBXFileReference; fileEncoding = 4; lastKnownFileType = sourcecode.c.h; path = KLDataController.h; sourceTree = "<group>"; };
		E3684C4E1D86DC20004E4636 /* KLDataController.m */ = {isa = PBXFileReference; fileEncoding = 4; lastKnownFileType = sourcecode.c.objc; path = KLDataController.m; sourceTree = "<group>"; };
		E378808A1D733936000FFCA4 /* CAAnimationGroup+Base.h */ = {isa = PBXFileReference; fileEncoding = 4; lastKnownFileType = sourcecode.c.h; path = "CAAnimationGroup+Base.h"; sourceTree = "<group>"; };
		E378808B1D733937000FFCA4 /* CAAnimationGroup+Base.m */ = {isa = PBXFileReference; fileEncoding = 4; lastKnownFileType = sourcecode.c.objc; path = "CAAnimationGroup+Base.m"; sourceTree = "<group>"; };
		E378808D1D733AD1000FFCA4 /* CAAnimation+Base.h */ = {isa = PBXFileReference; fileEncoding = 4; lastKnownFileType = sourcecode.c.h; path = "CAAnimation+Base.h"; sourceTree = "<group>"; };
		E378808E1D733AD1000FFCA4 /* CAAnimation+Base.m */ = {isa = PBXFileReference; fileEncoding = 4; lastKnownFileType = sourcecode.c.objc; path = "CAAnimation+Base.m"; sourceTree = "<group>"; };
		E37880901D74925B000FFCA4 /* CABasicAnimation+Base.h */ = {isa = PBXFileReference; fileEncoding = 4; lastKnownFileType = sourcecode.c.h; path = "CABasicAnimation+Base.h"; sourceTree = "<group>"; };
		E37880911D74925B000FFCA4 /* CABasicAnimation+Base.m */ = {isa = PBXFileReference; fileEncoding = 4; lastKnownFileType = sourcecode.c.objc; path = "CABasicAnimation+Base.m"; sourceTree = "<group>"; };
		E37880931D74930D000FFCA4 /* CAShapeLayer+Base.h */ = {isa = PBXFileReference; fileEncoding = 4; lastKnownFileType = sourcecode.c.h; path = "CAShapeLayer+Base.h"; sourceTree = "<group>"; };
		E37880941D74930D000FFCA4 /* CAShapeLayer+Base.m */ = {isa = PBXFileReference; fileEncoding = 4; lastKnownFileType = sourcecode.c.objc; path = "CAShapeLayer+Base.m"; sourceTree = "<group>"; };
		E3DDDF301D88553E008F3421 /* KLPhotoModel.h */ = {isa = PBXFileReference; fileEncoding = 4; lastKnownFileType = sourcecode.c.h; path = KLPhotoModel.h; sourceTree = "<group>"; };
		E3DDDF311D88553E008F3421 /* KLPhotoModel.m */ = {isa = PBXFileReference; fileEncoding = 4; lastKnownFileType = sourcecode.c.objc; path = KLPhotoModel.m; sourceTree = "<group>"; };
		E3DDDF331D8858CE008F3421 /* KLMoreDataController.h */ = {isa = PBXFileReference; fileEncoding = 4; lastKnownFileType = sourcecode.c.h; path = KLMoreDataController.h; sourceTree = "<group>"; };
		E3DDDF341D8858CE008F3421 /* KLMoreDataController.m */ = {isa = PBXFileReference; fileEncoding = 4; lastKnownFileType = sourcecode.c.objc; path = KLMoreDataController.m; sourceTree = "<group>"; };
/* End PBXFileReference section */

/* Begin PBXFrameworksBuildPhase section */
		41FE170F1D5B10A200CABFCA /* Frameworks */ = {
			isa = PBXFrameworksBuildPhase;
			buildActionMask = 2147483647;
			files = (
				CFF1CC9C5F50DB9B5B1B1C89 /* Pods_Raffle.framework in Frameworks */,
				E30DF8AB1DA9618B00161EAE /* libAdapterInMobi.a in Frameworks */,
			);
			runOnlyForDeploymentPostprocessing = 0;
		};
		41FE172B1D5B10A300CABFCA /* Frameworks */ = {
			isa = PBXFrameworksBuildPhase;
			buildActionMask = 2147483647;
			files = (
			);
			runOnlyForDeploymentPostprocessing = 0;
		};
		41FE17361D5B10A300CABFCA /* Frameworks */ = {
			isa = PBXFrameworksBuildPhase;
			buildActionMask = 2147483647;
			files = (
			);
			runOnlyForDeploymentPostprocessing = 0;
		};
/* End PBXFrameworksBuildPhase section */

/* Begin PBXGroup section */
		3486202DA0DE6B0BE7C49DB4 /* Frameworks */ = {
			isa = PBXGroup;
			children = (
				E30DF8A71DA9618B00161EAE /* AdMobMediation_Adapter_InMobi */,
				E1DAC92CEAA392608389D6F5 /* Pods_Raffle.framework */,
			);
			name = Frameworks;
			sourceTree = "<group>";
		};
		4105A78E1D6FDF6700215D76 /* Animation */ = {
			isa = PBXGroup;
			children = (
				E378808D1D733AD1000FFCA4 /* CAAnimation+Base.h */,
				E378808E1D733AD1000FFCA4 /* CAAnimation+Base.m */,
				E378808A1D733936000FFCA4 /* CAAnimationGroup+Base.h */,
				E378808B1D733937000FFCA4 /* CAAnimationGroup+Base.m */,
				E37880901D74925B000FFCA4 /* CABasicAnimation+Base.h */,
				E37880911D74925B000FFCA4 /* CABasicAnimation+Base.m */,
				E37880931D74930D000FFCA4 /* CAShapeLayer+Base.h */,
				E37880941D74930D000FFCA4 /* CAShapeLayer+Base.m */,
				4105A7951D70120500215D76 /* KLBaseTransition.h */,
				4105A7961D70120500215D76 /* KLBaseTransition.m */,
				4105A7921D6FDFA900215D76 /* KLCircleTransition.h */,
				4105A7931D6FDFA900215D76 /* KLCircleTransition.m */,
				E30DF8A41D982EF200161EAE /* KLMatrixTransition.h */,
				E30DF8A51D982EF200161EAE /* KLMatrixTransition.m */,
				4105A78F1D6FDF8D00215D76 /* KLScaleTransition.h */,
				4105A7901D6FDF8D00215D76 /* KLScaleTransition.m */,
				E30DF8A11D9827A300161EAE /* KLSwapTransition.h */,
				E30DF8A21D9827A300161EAE /* KLSwapTransition.m */,
			);
			path = Animation;
			sourceTree = "<group>";
		};
		415BFE851D5B20FC002053D6 /* View */ = {
			isa = PBXGroup;
			children = (
				415BFE861D5B20FC002053D6 /* KLAlbumCell.h */,
				415BFE871D5B20FC002053D6 /* KLAlbumCell.m */,
				E30DF89E1D92E70300161EAE /* KLBubbleButton.h */,
				E30DF89F1D92E70300161EAE /* KLBubbleButton.m */,
				415BFE881D5B20FC002053D6 /* KLCircleLayout.h */,
				415BFE891D5B20FC002053D6 /* KLCircleLayout.m */,
				415BFE8A1D5B20FC002053D6 /* KLDrawBoxCell.h */,
				415BFE8B1D5B20FC002053D6 /* KLDrawBoxCell.m */,
				415BFE8C1D5B20FC002053D6 /* KLSegmentControl.h */,
				415BFE8D1D5B20FC002053D6 /* KLSegmentControl.m */,
				4110BAC81D62E841001BCD38 /* KLStatusBar.h */,
				4110BAC91D62E841001BCD38 /* KLStatusBar.m */,
				415BFE8E1D5B20FC002053D6 /* KLTableViewCell.h */,
				415BFE8F1D5B20FC002053D6 /* KLTableViewCell.m */,
			);
			path = View;
			sourceTree = "<group>";
		};
		41FE17091D5B10A200CABFCA = {
			isa = PBXGroup;
			children = (
				41FE17141D5B10A200CABFCA /* Raffle */,
				41FE17311D5B10A300CABFCA /* RaffleTests */,
				41FE173C1D5B10A300CABFCA /* RaffleUITests */,
				41FE17131D5B10A200CABFCA /* Products */,
				7BF52BC3F11C5804CBC02CA7 /* Pods */,
				3486202DA0DE6B0BE7C49DB4 /* Frameworks */,
			);
			sourceTree = "<group>";
		};
		41FE17131D5B10A200CABFCA /* Products */ = {
			isa = PBXGroup;
			children = (
				41FE17121D5B10A200CABFCA /* Raffle.app */,
				41FE172E1D5B10A300CABFCA /* RaffleTests.xctest */,
				41FE17391D5B10A300CABFCA /* RaffleUITests.xctest */,
			);
			name = Products;
			sourceTree = "<group>";
		};
		41FE17141D5B10A200CABFCA /* Raffle */ = {
			isa = PBXGroup;
			children = (
				4105A78E1D6FDF6700215D76 /* Animation */,
				41FE17551D5B153A00CABFCA /* Category */,
				41FE17561D5B153A00CABFCA /* Common */,
				E3684C301D86DBFD004E4636 /* DataController */,
				41FE17581D5B153A00CABFCA /* Model */,
				415BFE851D5B20FC002053D6 /* View */,
				E3684C371D86DBFD004E4636 /* ViewController */,
				41FE17181D5B10A200CABFCA /* AppDelegate.h */,
				41FE17191D5B10A200CABFCA /* AppDelegate.m */,
				41FE179E1D5B160700CABFCA /* AppDelegate+Analytics.h */,
				41FE179F1D5B160700CABFCA /* AppDelegate+Analytics.m */,
				41FE171E1D5B10A200CABFCA /* Main.storyboard */,
				41FE17241D5B10A300CABFCA /* Assets.xcassets */,
				41FE17261D5B10A300CABFCA /* LaunchScreen.storyboard */,
				41FE17211D5B10A300CABFCA /* Raffle.xcdatamodeld */,
				41FE17151D5B10A200CABFCA /* Supporting Files */,
			);
			path = Raffle;
			sourceTree = "<group>";
		};
		41FE17151D5B10A200CABFCA /* Supporting Files */ = {
			isa = PBXGroup;
			children = (
				41FE179D1D5B160700CABFCA /* Analytics.plist */,
				E30DF8AC1DA963FA00161EAE /* GoogleService-Info.plist */,
				41FE17291D5B10A300CABFCA /* Info.plist */,
				415BFE731D5B1D01002053D6 /* InfoPlist.strings */,
				415BFE751D5B1D01002053D6 /* Localizable.strings */,
				415BFE771D5B1D01002053D6 /* Localizable.stringsdict */,
				41FE17161D5B10A200CABFCA /* main.m */,
				41FE17A01D5B160700CABFCA /* Prefix.pch */,
			);
			name = "Supporting Files";
			sourceTree = "<group>";
		};
		41FE17311D5B10A300CABFCA /* RaffleTests */ = {
			isa = PBXGroup;
			children = (
				41FE17321D5B10A300CABFCA /* RaffleTests.m */,
				41FE17341D5B10A300CABFCA /* Info.plist */,
			);
			path = RaffleTests;
			sourceTree = "<group>";
		};
		41FE173C1D5B10A300CABFCA /* RaffleUITests */ = {
			isa = PBXGroup;
			children = (
				41FE173D1D5B10A300CABFCA /* RaffleUITests.m */,
				41FE173F1D5B10A300CABFCA /* Info.plist */,
			);
			path = RaffleUITests;
			sourceTree = "<group>";
		};
		41FE17551D5B153A00CABFCA /* Category */ = {
			isa = PBXGroup;
			children = (
				41FE17671D5B15AB00CABFCA /* NSData+Base.h */,
				41FE17681D5B15AB00CABFCA /* NSData+Base.m */,
				41FE17691D5B15AB00CABFCA /* NSDate+Base.h */,
				41FE176A1D5B15AB00CABFCA /* NSDate+Base.m */,
				41FE176B1D5B15AB00CABFCA /* NSLayoutConstraint+Base.h */,
				41FE176C1D5B15AB00CABFCA /* NSLayoutConstraint+Base.m */,
				41FE176D1D5B15AB00CABFCA /* NSString+Base.h */,
				41FE176E1D5B15AB00CABFCA /* NSString+Base.m */,
				41FE176F1D5B15AB00CABFCA /* NSTimer+Base.h */,
				41FE17701D5B15AB00CABFCA /* NSTimer+Base.m */,
				41FE17711D5B15AB00CABFCA /* UIAlertController+Base.h */,
				41FE17721D5B15AB00CABFCA /* UIAlertController+Base.m */,
				41FE17731D5B15AB00CABFCA /* UIBarButtonItem+Base.h */,
				41FE17741D5B15AB00CABFCA /* UIBarButtonItem+Base.m */,
				41FE17751D5B15AB00CABFCA /* UIButton+Base.h */,
				41FE17761D5B15AB00CABFCA /* UIButton+Base.m */,
				41FE17771D5B15AB00CABFCA /* UIColor+Base.h */,
				41FE17781D5B15AB00CABFCA /* UIColor+Base.m */,
				41FE17791D5B15AB00CABFCA /* UIFont+Base.h */,
				41FE177A1D5B15AB00CABFCA /* UIFont+Base.m */,
				41FE177B1D5B15AB00CABFCA /* UIImage+Base.h */,
				41FE177C1D5B15AB00CABFCA /* UIImage+Base.m */,
				41FE177D1D5B15AB00CABFCA /* UIImageView+Base.h */,
				41FE177E1D5B15AB00CABFCA /* UIImageView+Base.m */,
				41FE177F1D5B15AB00CABFCA /* UILabel+Base.h */,
				41FE17801D5B15AB00CABFCA /* UILabel+Base.m */,
				41FE17811D5B15AB00CABFCA /* UISwitch+Base.h */,
				41FE17821D5B15AB00CABFCA /* UISwitch+Base.m */,
				41FE17831D5B15AB00CABFCA /* UITableViewCell+Base.h */,
				41FE17841D5B15AB00CABFCA /* UITableViewCell+Base.m */,
				41FE17851D5B15AB00CABFCA /* UIToolbar+Base.h */,
				41FE17861D5B15AB00CABFCA /* UIToolbar+Base.m */,
				41FE17871D5B15AB00CABFCA /* UIView+Base.h */,
				41FE17881D5B15AB00CABFCA /* UIView+Base.m */,
				41FE17891D5B15AB00CABFCA /* UIViewController+Base.h */,
				41FE178A1D5B15AB00CABFCA /* UIViewController+Base.m */,
			);
			path = Category;
			sourceTree = "<group>";
		};
		41FE17561D5B153A00CABFCA /* Common */ = {
			isa = PBXGroup;
			children = (
				41FE17601D5B15A300CABFCA /* KLLocalizableConstant.h */,
				41FE17611D5B15A300CABFCA /* KLSoundPlayer.h */,
				41FE17621D5B15A300CABFCA /* KLSoundPlayer.m */,
				41FE17631D5B15A300CABFCA /* KLUtilities.h */,
				41FE17641D5B15A300CABFCA /* KLUtilities.m */,
			);
			path = Common;
			sourceTree = "<group>";
		};
		41FE17581D5B153A00CABFCA /* Model */ = {
			isa = PBXGroup;
			children = (
				415BFE951D5B2106002053D6 /* KLDrawBoxModel.h */,
				415BFE971D5B2106002053D6 /* KLDrawBoxModel.m */,
				E3DDDF301D88553E008F3421 /* KLPhotoModel.h */,
				E3DDDF311D88553E008F3421 /* KLPhotoModel.m */,
				415BFE981D5B2106002053D6 /* PHAsset+Model.h */,
				415BFE961D5B2106002053D6 /* PHAsset+Model.m */,
				415BFE991D5B2106002053D6 /* PHAssetCollection+Model.h */,
				415BFE9A1D5B2106002053D6 /* PHAssetCollection+Model.m */,
			);
			path = Model;
			sourceTree = "<group>";
		};
		7BF52BC3F11C5804CBC02CA7 /* Pods */ = {
			isa = PBXGroup;
			children = (
				1C661C7D86BDECA7EBE90C73 /* Pods-Raffle.debug.xcconfig */,
				183101FB2A61C20C18B6A692 /* Pods-Raffle.release.xcconfig */,
			);
			name = Pods;
			sourceTree = "<group>";
		};
		E30DF8A71DA9618B00161EAE /* AdMobMediation_Adapter_InMobi */ = {
			isa = PBXGroup;
			children = (
				E30DF8A81DA9618B00161EAE /* GADInMobiExtras.h */,
				E30DF8A91DA9618B00161EAE /* GADMAdapterInMobi.h */,
				E30DF8AA1DA9618B00161EAE /* libAdapterInMobi.a */,
			);
			path = AdMobMediation_Adapter_InMobi;
			sourceTree = "<group>";
		};
		E3684C301D86DBFD004E4636 /* DataController */ = {
			isa = PBXGroup;
			children = (
				E3684C4D1D86DC20004E4636 /* KLDataController.h */,
				E3684C4E1D86DC20004E4636 /* KLDataController.m */,
				E3684C311D86DBFD004E4636 /* KLDrawBoxDataController.h */,
				E3684C321D86DBFD004E4636 /* KLDrawBoxDataController.m */,
				E3684C331D86DBFD004E4636 /* KLMainDataController.h */,
				E3684C341D86DBFD004E4636 /* KLMainDataController.m */,
				E3DDDF331D8858CE008F3421 /* KLMoreDataController.h */,
				E3DDDF341D8858CE008F3421 /* KLMoreDataController.m */,
				E3684C351D86DBFD004E4636 /* KLPhotoLibrary.h */,
				E3684C361D86DBFD004E4636 /* KLPhotoLibrary.m */,
			);
			path = DataController;
			sourceTree = "<group>";
		};
		E3684C371D86DBFD004E4636 /* ViewController */ = {
			isa = PBXGroup;
			children = (
				E3684C381D86DBFD004E4636 /* KLAlbumViewController.h */,
				E3684C391D86DBFD004E4636 /* KLAlbumViewController.m */,
				E3684C3A1D86DBFD004E4636 /* KLCameraViewController.h */,
				E3684C3B1D86DBFD004E4636 /* KLCameraViewController.m */,
				E3684C3C1D86DBFD004E4636 /* KLDrawBoxViewController.h */,
				E3684C3D1D86DBFD004E4636 /* KLDrawBoxViewController.m */,
				E3684C3E1D86DBFD004E4636 /* KLImagePickerController.h */,
				E3684C3F1D86DBFD004E4636 /* KLImagePickerController.m */,
				E3684C401D86DBFD004E4636 /* KLMainViewController.h */,
				E3684C411D86DBFD004E4636 /* KLMainViewController.m */,
				E3684C421D86DBFD004E4636 /* KLMoreViewController.h */,
				E3684C431D86DBFD004E4636 /* KLMoreViewController.m */,
				E3539C7B1D90421000CBE9F2 /* KLPreviewViewController.h */,
				E3539C7C1D90421000CBE9F2 /* KLPreviewViewController.m */,
				E3539C781D9041BD00CBE9F2 /* KLWinnerViewController.h */,
				E3539C791D9041BD00CBE9F2 /* KLWinnerViewController.m */,
			);
			path = ViewController;
			sourceTree = "<group>";
		};
/* End PBXGroup section */

/* Begin PBXNativeTarget section */
		41FE17111D5B10A200CABFCA /* Raffle */ = {
			isa = PBXNativeTarget;
			buildConfigurationList = 41FE17421D5B10A300CABFCA /* Build configuration list for PBXNativeTarget "Raffle" */;
			buildPhases = (
				03A89FAAE83636A03ED8EBC1 /* [CP] Check Pods Manifest.lock */,
				41FE170E1D5B10A200CABFCA /* Sources */,
				41FE170F1D5B10A200CABFCA /* Frameworks */,
				41FE17101D5B10A200CABFCA /* Resources */,
				600CD59564B2053090DB6AE9 /* [CP] Embed Pods Frameworks */,
				05EB302CAD6D11BD800FDAE8 /* [CP] Copy Pods Resources */,
			);
			buildRules = (
			);
			dependencies = (
			);
			name = Raffle;
			productName = Raffle;
			productReference = 41FE17121D5B10A200CABFCA /* Raffle.app */;
			productType = "com.apple.product-type.application";
		};
		41FE172D1D5B10A300CABFCA /* RaffleTests */ = {
			isa = PBXNativeTarget;
			buildConfigurationList = 41FE17451D5B10A300CABFCA /* Build configuration list for PBXNativeTarget "RaffleTests" */;
			buildPhases = (
				41FE172A1D5B10A300CABFCA /* Sources */,
				41FE172B1D5B10A300CABFCA /* Frameworks */,
				41FE172C1D5B10A300CABFCA /* Resources */,
			);
			buildRules = (
			);
			dependencies = (
				41FE17301D5B10A300CABFCA /* PBXTargetDependency */,
			);
			name = RaffleTests;
			productName = RaffleTests;
			productReference = 41FE172E1D5B10A300CABFCA /* RaffleTests.xctest */;
			productType = "com.apple.product-type.bundle.unit-test";
		};
		41FE17381D5B10A300CABFCA /* RaffleUITests */ = {
			isa = PBXNativeTarget;
			buildConfigurationList = 41FE17481D5B10A300CABFCA /* Build configuration list for PBXNativeTarget "RaffleUITests" */;
			buildPhases = (
				41FE17351D5B10A300CABFCA /* Sources */,
				41FE17361D5B10A300CABFCA /* Frameworks */,
				41FE17371D5B10A300CABFCA /* Resources */,
			);
			buildRules = (
			);
			dependencies = (
				41FE173B1D5B10A300CABFCA /* PBXTargetDependency */,
			);
			name = RaffleUITests;
			productName = RaffleUITests;
			productReference = 41FE17391D5B10A300CABFCA /* RaffleUITests.xctest */;
			productType = "com.apple.product-type.bundle.ui-testing";
		};
/* End PBXNativeTarget section */

/* Begin PBXProject section */
		41FE170A1D5B10A200CABFCA /* Project object */ = {
			isa = PBXProject;
			attributes = {
				LastUpgradeCheck = 0800;
				ORGANIZATIONNAME = Syzygy;
				TargetAttributes = {
					41FE17111D5B10A200CABFCA = {
						CreatedOnToolsVersion = 7.3.1;
						DevelopmentTeam = 4AGG3RNQPH;
						SystemCapabilities = {
							com.apple.BackgroundModes = {
								enabled = 0;
							};
						};
					};
					41FE172D1D5B10A300CABFCA = {
						CreatedOnToolsVersion = 7.3.1;
						TestTargetID = 41FE17111D5B10A200CABFCA;
					};
					41FE17381D5B10A300CABFCA = {
						CreatedOnToolsVersion = 7.3.1;
						TestTargetID = 41FE17111D5B10A200CABFCA;
					};
				};
			};
			buildConfigurationList = 41FE170D1D5B10A200CABFCA /* Build configuration list for PBXProject "Raffle" */;
			compatibilityVersion = "Xcode 3.2";
			developmentRegion = English;
			hasScannedForEncodings = 0;
			knownRegions = (
				en,
				Base,
				"zh-Hans",
				"zh-Hant",
				ja,
			);
			mainGroup = 41FE17091D5B10A200CABFCA;
			productRefGroup = 41FE17131D5B10A200CABFCA /* Products */;
			projectDirPath = "";
			projectRoot = "";
			targets = (
				41FE17111D5B10A200CABFCA /* Raffle */,
				41FE172D1D5B10A300CABFCA /* RaffleTests */,
				41FE17381D5B10A300CABFCA /* RaffleUITests */,
			);
		};
/* End PBXProject section */

/* Begin PBXResourcesBuildPhase section */
		41FE17101D5B10A200CABFCA /* Resources */ = {
			isa = PBXResourcesBuildPhase;
			buildActionMask = 2147483647;
			files = (
				41FE17281D5B10A300CABFCA /* LaunchScreen.storyboard in Resources */,
				E30DF8AD1DA963FA00161EAE /* GoogleService-Info.plist in Resources */,
				415BFE7A1D5B1D01002053D6 /* Localizable.strings in Resources */,
				41FE17A11D5B160700CABFCA /* Analytics.plist in Resources */,
				41FE17251D5B10A300CABFCA /* Assets.xcassets in Resources */,
				41FE17201D5B10A200CABFCA /* Main.storyboard in Resources */,
				415BFE791D5B1D01002053D6 /* InfoPlist.strings in Resources */,
				415BFE7B1D5B1D01002053D6 /* Localizable.stringsdict in Resources */,
			);
			runOnlyForDeploymentPostprocessing = 0;
		};
		41FE172C1D5B10A300CABFCA /* Resources */ = {
			isa = PBXResourcesBuildPhase;
			buildActionMask = 2147483647;
			files = (
			);
			runOnlyForDeploymentPostprocessing = 0;
		};
		41FE17371D5B10A300CABFCA /* Resources */ = {
			isa = PBXResourcesBuildPhase;
			buildActionMask = 2147483647;
			files = (
			);
			runOnlyForDeploymentPostprocessing = 0;
		};
/* End PBXResourcesBuildPhase section */

/* Begin PBXShellScriptBuildPhase section */
		03A89FAAE83636A03ED8EBC1 /* [CP] Check Pods Manifest.lock */ = {
			isa = PBXShellScriptBuildPhase;
			buildActionMask = 2147483647;
			files = (
			);
			inputPaths = (
			);
			name = "[CP] Check Pods Manifest.lock";
			outputPaths = (
			);
			runOnlyForDeploymentPostprocessing = 0;
			shellPath = /bin/sh;
			shellScript = "diff \"${PODS_ROOT}/../Podfile.lock\" \"${PODS_ROOT}/Manifest.lock\" > /dev/null\nif [[ $? != 0 ]] ; then\n    cat << EOM\nerror: The sandbox is not in sync with the Podfile.lock. Run 'pod install' or update your CocoaPods installation.\nEOM\n    exit 1\nfi\n";
			showEnvVarsInLog = 0;
		};
		05EB302CAD6D11BD800FDAE8 /* [CP] Copy Pods Resources */ = {
			isa = PBXShellScriptBuildPhase;
			buildActionMask = 2147483647;
			files = (
			);
			inputPaths = (
			);
			name = "[CP] Copy Pods Resources";
			outputPaths = (
			);
			runOnlyForDeploymentPostprocessing = 0;
			shellPath = /bin/sh;
			shellScript = "\"${SRCROOT}/Pods/Target Support Files/Pods-Raffle/Pods-Raffle-resources.sh\"\n";
			showEnvVarsInLog = 0;
		};
		600CD59564B2053090DB6AE9 /* [CP] Embed Pods Frameworks */ = {
			isa = PBXShellScriptBuildPhase;
			buildActionMask = 2147483647;
			files = (
			);
			inputPaths = (
			);
			name = "[CP] Embed Pods Frameworks";
			outputPaths = (
			);
			runOnlyForDeploymentPostprocessing = 0;
			shellPath = /bin/sh;
			shellScript = "\"${SRCROOT}/Pods/Target Support Files/Pods-Raffle/Pods-Raffle-frameworks.sh\"\n";
			showEnvVarsInLog = 0;
		};
/* End PBXShellScriptBuildPhase section */

/* Begin PBXSourcesBuildPhase section */
		41FE170E1D5B10A200CABFCA /* Sources */ = {
			isa = PBXSourcesBuildPhase;
			buildActionMask = 2147483647;
			files = (
				4105A7971D70120500215D76 /* KLBaseTransition.m in Sources */,
				41FE17991D5B15AB00CABFCA /* UITableViewCell+Base.m in Sources */,
				E30DF8A31D9827A300161EAE /* KLSwapTransition.m in Sources */,
				E3684C4F1D86DC20004E4636 /* KLDataController.m in Sources */,
				41FE17901D5B15AB00CABFCA /* UIAlertController+Base.m in Sources */,
				41FE179C1D5B15AB00CABFCA /* UIViewController+Base.m in Sources */,
				E3DDDF321D88553E008F3421 /* KLPhotoModel.m in Sources */,
				41FE178D1D5B15AB00CABFCA /* NSLayoutConstraint+Base.m in Sources */,
				415BFE9D1D5B2106002053D6 /* PHAssetCollection+Model.m in Sources */,
				415BFE911D5B20FC002053D6 /* KLCircleLayout.m in Sources */,
				415BFE921D5B20FC002053D6 /* KLDrawBoxCell.m in Sources */,
				41FE178B1D5B15AB00CABFCA /* NSData+Base.m in Sources */,
				41FE17921D5B15AB00CABFCA /* UIButton+Base.m in Sources */,
				E30DF8A61D982EF200161EAE /* KLMatrixTransition.m in Sources */,
				41FE178E1D5B15AB00CABFCA /* NSString+Base.m in Sources */,
				E3684C4C1D86DBFD004E4636 /* KLMoreViewController.m in Sources */,
				41FE171A1D5B10A200CABFCA /* AppDelegate.m in Sources */,
				415BFE9C1D5B2106002053D6 /* KLDrawBoxModel.m in Sources */,
				41FE17651D5B15A300CABFCA /* KLSoundPlayer.m in Sources */,
				41FE17961D5B15AB00CABFCA /* UIImageView+Base.m in Sources */,
				E3684C451D86DBFD004E4636 /* KLMainDataController.m in Sources */,
				E3684C461D86DBFD004E4636 /* KLPhotoLibrary.m in Sources */,
				E3539C7D1D90421000CBE9F2 /* KLPreviewViewController.m in Sources */,
				41FE17981D5B15AB00CABFCA /* UISwitch+Base.m in Sources */,
				E3684C491D86DBFD004E4636 /* KLDrawBoxViewController.m in Sources */,
				41FE17941D5B15AB00CABFCA /* UIFont+Base.m in Sources */,
				41FE17951D5B15AB00CABFCA /* UIImage+Base.m in Sources */,
				E3539C7A1D9041BD00CBE9F2 /* KLWinnerViewController.m in Sources */,
				E3684C4B1D86DBFD004E4636 /* KLMainViewController.m in Sources */,
				41FE179A1D5B15AB00CABFCA /* UIToolbar+Base.m in Sources */,
				415BFE901D5B20FC002053D6 /* KLAlbumCell.m in Sources */,
				E37880921D74925B000FFCA4 /* CABasicAnimation+Base.m in Sources */,
				41FE179B1D5B15AB00CABFCA /* UIView+Base.m in Sources */,
				4105A7911D6FDF8D00215D76 /* KLScaleTransition.m in Sources */,
				41FE178C1D5B15AB00CABFCA /* NSDate+Base.m in Sources */,
				41FE17911D5B15AB00CABFCA /* UIBarButtonItem+Base.m in Sources */,
				E3684C481D86DBFD004E4636 /* KLCameraViewController.m in Sources */,
				E30DF8A01D92E70300161EAE /* KLBubbleButton.m in Sources */,
				E3DDDF351D8858CE008F3421 /* KLMoreDataController.m in Sources */,
				41FE17171D5B10A200CABFCA /* main.m in Sources */,
				415BFE9B1D5B2106002053D6 /* PHAsset+Model.m in Sources */,
				415BFE931D5B20FC002053D6 /* KLSegmentControl.m in Sources */,
				41FE17931D5B15AB00CABFCA /* UIColor+Base.m in Sources */,
				E37880951D74930D000FFCA4 /* CAShapeLayer+Base.m in Sources */,
				4105A7941D6FDFA900215D76 /* KLCircleTransition.m in Sources */,
				41FE17A21D5B160700CABFCA /* AppDelegate+Analytics.m in Sources */,
				41FE178F1D5B15AB00CABFCA /* NSTimer+Base.m in Sources */,
				E3684C441D86DBFD004E4636 /* KLDrawBoxDataController.m in Sources */,
				E3684C4A1D86DBFD004E4636 /* KLImagePickerController.m in Sources */,
				E378808F1D733AD1000FFCA4 /* CAAnimation+Base.m in Sources */,
				4110BACA1D62E841001BCD38 /* KLStatusBar.m in Sources */,
				41FE17971D5B15AB00CABFCA /* UILabel+Base.m in Sources */,
				E378808C1D733937000FFCA4 /* CAAnimationGroup+Base.m in Sources */,
				41FE17661D5B15A300CABFCA /* KLUtilities.m in Sources */,
				415BFE941D5B20FC002053D6 /* KLTableViewCell.m in Sources */,
				41FE17231D5B10A300CABFCA /* Raffle.xcdatamodeld in Sources */,
				E3684C471D86DBFD004E4636 /* KLAlbumViewController.m in Sources */,
			);
			runOnlyForDeploymentPostprocessing = 0;
		};
		41FE172A1D5B10A300CABFCA /* Sources */ = {
			isa = PBXSourcesBuildPhase;
			buildActionMask = 2147483647;
			files = (
				41FE17331D5B10A300CABFCA /* RaffleTests.m in Sources */,
			);
			runOnlyForDeploymentPostprocessing = 0;
		};
		41FE17351D5B10A300CABFCA /* Sources */ = {
			isa = PBXSourcesBuildPhase;
			buildActionMask = 2147483647;
			files = (
				41FE173E1D5B10A300CABFCA /* RaffleUITests.m in Sources */,
			);
			runOnlyForDeploymentPostprocessing = 0;
		};
/* End PBXSourcesBuildPhase section */

/* Begin PBXTargetDependency section */
		41FE17301D5B10A300CABFCA /* PBXTargetDependency */ = {
			isa = PBXTargetDependency;
			target = 41FE17111D5B10A200CABFCA /* Raffle */;
			targetProxy = 41FE172F1D5B10A300CABFCA /* PBXContainerItemProxy */;
		};
		41FE173B1D5B10A300CABFCA /* PBXTargetDependency */ = {
			isa = PBXTargetDependency;
			target = 41FE17111D5B10A200CABFCA /* Raffle */;
			targetProxy = 41FE173A1D5B10A300CABFCA /* PBXContainerItemProxy */;
		};
/* End PBXTargetDependency section */

/* Begin PBXVariantGroup section */
		415BFE731D5B1D01002053D6 /* InfoPlist.strings */ = {
			isa = PBXVariantGroup;
			children = (
				415BFE741D5B1D01002053D6 /* Base */,
				415BFE7C1D5B1D18002053D6 /* zh-Hans */,
				415BFE7F1D5B1D1E002053D6 /* zh-Hant */,
				415BFE821D5B1D30002053D6 /* ja */,
			);
			name = InfoPlist.strings;
			sourceTree = "<group>";
		};
		415BFE751D5B1D01002053D6 /* Localizable.strings */ = {
			isa = PBXVariantGroup;
			children = (
				415BFE761D5B1D01002053D6 /* Base */,
				415BFE7D1D5B1D18002053D6 /* zh-Hans */,
				415BFE801D5B1D1E002053D6 /* zh-Hant */,
				415BFE831D5B1D30002053D6 /* ja */,
			);
			name = Localizable.strings;
			sourceTree = "<group>";
		};
		415BFE771D5B1D01002053D6 /* Localizable.stringsdict */ = {
			isa = PBXVariantGroup;
			children = (
				415BFE781D5B1D01002053D6 /* Base */,
				415BFE7E1D5B1D18002053D6 /* zh-Hans */,
				415BFE811D5B1D1E002053D6 /* zh-Hant */,
				415BFE841D5B1D30002053D6 /* ja */,
			);
			name = Localizable.stringsdict;
			sourceTree = "<group>";
		};
		41FE171E1D5B10A200CABFCA /* Main.storyboard */ = {
			isa = PBXVariantGroup;
			children = (
				41FE171F1D5B10A200CABFCA /* Base */,
			);
			name = Main.storyboard;
			sourceTree = "<group>";
		};
		41FE17261D5B10A300CABFCA /* LaunchScreen.storyboard */ = {
			isa = PBXVariantGroup;
			children = (
				41FE17271D5B10A300CABFCA /* Base */,
			);
			name = LaunchScreen.storyboard;
			sourceTree = "<group>";
		};
/* End PBXVariantGroup section */

/* Begin XCBuildConfiguration section */
		41FE17401D5B10A300CABFCA /* Debug */ = {
			isa = XCBuildConfiguration;
			buildSettings = {
				ALWAYS_SEARCH_USER_PATHS = NO;
				CLANG_ANALYZER_LOCALIZABILITY_NONLOCALIZED = YES;
				CLANG_ANALYZER_NONNULL = YES;
				CLANG_CXX_LANGUAGE_STANDARD = "gnu++0x";
				CLANG_CXX_LIBRARY = "libc++";
				CLANG_ENABLE_MODULES = YES;
				CLANG_ENABLE_OBJC_ARC = YES;
				CLANG_WARN_BOOL_CONVERSION = YES;
				CLANG_WARN_CONSTANT_CONVERSION = YES;
				CLANG_WARN_DIRECT_OBJC_ISA_USAGE = YES_ERROR;
				CLANG_WARN_EMPTY_BODY = YES;
				CLANG_WARN_ENUM_CONVERSION = YES;
				CLANG_WARN_INFINITE_RECURSION = YES;
				CLANG_WARN_INT_CONVERSION = YES;
				CLANG_WARN_OBJC_ROOT_CLASS = YES_ERROR;
				CLANG_WARN_SUSPICIOUS_MOVE = YES;
				CLANG_WARN_UNREACHABLE_CODE = YES;
				CLANG_WARN__DUPLICATE_METHOD_MATCH = YES;
				"CODE_SIGN_IDENTITY[sdk=iphoneos*]" = "iPhone Developer";
				COPY_PHASE_STRIP = NO;
				DEBUG_INFORMATION_FORMAT = dwarf;
				ENABLE_STRICT_OBJC_MSGSEND = YES;
				ENABLE_TESTABILITY = YES;
				GCC_C_LANGUAGE_STANDARD = gnu99;
				GCC_DYNAMIC_NO_PIC = NO;
				GCC_NO_COMMON_BLOCKS = YES;
				GCC_OPTIMIZATION_LEVEL = 0;
				GCC_PREPROCESSOR_DEFINITIONS = (
					"DEBUG=1",
					"$(inherited)",
				);
				GCC_WARN_64_TO_32_BIT_CONVERSION = YES;
				GCC_WARN_ABOUT_RETURN_TYPE = YES_ERROR;
				GCC_WARN_UNDECLARED_SELECTOR = YES;
				GCC_WARN_UNINITIALIZED_AUTOS = YES_AGGRESSIVE;
				GCC_WARN_UNUSED_FUNCTION = YES;
				GCC_WARN_UNUSED_VARIABLE = YES;
				IPHONEOS_DEPLOYMENT_TARGET = 9.3;
				MTL_ENABLE_DEBUG_INFO = YES;
				ONLY_ACTIVE_ARCH = YES;
				SDKROOT = iphoneos;
				TARGETED_DEVICE_FAMILY = "1,2";
			};
			name = Debug;
		};
		41FE17411D5B10A300CABFCA /* Release */ = {
			isa = XCBuildConfiguration;
			buildSettings = {
				ALWAYS_SEARCH_USER_PATHS = NO;
				CLANG_ANALYZER_LOCALIZABILITY_NONLOCALIZED = YES;
				CLANG_ANALYZER_NONNULL = YES;
				CLANG_CXX_LANGUAGE_STANDARD = "gnu++0x";
				CLANG_CXX_LIBRARY = "libc++";
				CLANG_ENABLE_MODULES = YES;
				CLANG_ENABLE_OBJC_ARC = YES;
				CLANG_WARN_BOOL_CONVERSION = YES;
				CLANG_WARN_CONSTANT_CONVERSION = YES;
				CLANG_WARN_DIRECT_OBJC_ISA_USAGE = YES_ERROR;
				CLANG_WARN_EMPTY_BODY = YES;
				CLANG_WARN_ENUM_CONVERSION = YES;
				CLANG_WARN_INFINITE_RECURSION = YES;
				CLANG_WARN_INT_CONVERSION = YES;
				CLANG_WARN_OBJC_ROOT_CLASS = YES_ERROR;
				CLANG_WARN_SUSPICIOUS_MOVE = YES;
				CLANG_WARN_UNREACHABLE_CODE = YES;
				CLANG_WARN__DUPLICATE_METHOD_MATCH = YES;
				"CODE_SIGN_IDENTITY[sdk=iphoneos*]" = "iPhone Developer";
				COPY_PHASE_STRIP = NO;
				DEBUG_INFORMATION_FORMAT = "dwarf-with-dsym";
				ENABLE_NS_ASSERTIONS = NO;
				ENABLE_STRICT_OBJC_MSGSEND = YES;
				GCC_C_LANGUAGE_STANDARD = gnu99;
				GCC_NO_COMMON_BLOCKS = YES;
				GCC_WARN_64_TO_32_BIT_CONVERSION = YES;
				GCC_WARN_ABOUT_RETURN_TYPE = YES_ERROR;
				GCC_WARN_UNDECLARED_SELECTOR = YES;
				GCC_WARN_UNINITIALIZED_AUTOS = YES_AGGRESSIVE;
				GCC_WARN_UNUSED_FUNCTION = YES;
				GCC_WARN_UNUSED_VARIABLE = YES;
				IPHONEOS_DEPLOYMENT_TARGET = 9.3;
				MTL_ENABLE_DEBUG_INFO = NO;
				SDKROOT = iphoneos;
				TARGETED_DEVICE_FAMILY = "1,2";
				VALIDATE_PRODUCT = YES;
			};
			name = Release;
		};
		41FE17431D5B10A300CABFCA /* Debug */ = {
			isa = XCBuildConfiguration;
			baseConfigurationReference = 1C661C7D86BDECA7EBE90C73 /* Pods-Raffle.debug.xcconfig */;
			buildSettings = {
				ASSETCATALOG_COMPILER_APPICON_NAME = AppIcon;
				CODE_SIGN_IDENTITY = "iPhone Developer";
				CURRENT_PROJECT_VERSION = 1;
				DEVELOPMENT_TEAM = 4AGG3RNQPH;
				GCC_PRECOMPILE_PREFIX_HEADER = YES;
				GCC_PREFIX_HEADER = Raffle/Prefix.pch;
				INFOPLIST_FILE = Raffle/Info.plist;
				IPHONEOS_DEPLOYMENT_TARGET = 8.0;
				LD_RUNPATH_SEARCH_PATHS = "$(inherited) @executable_path/Frameworks";
				LIBRARY_SEARCH_PATHS = (
					"$(inherited)",
					"$(PROJECT_DIR)/AdMobMediation_Adapter_InMobi",
				);
				PRODUCT_BUNDLE_IDENTIFIER = com.Syzygy.Raffle;
				PRODUCT_NAME = "$(TARGET_NAME)";
				VERSIONING_SYSTEM = "apple-generic";
			};
			name = Debug;
		};
		41FE17441D5B10A300CABFCA /* Release */ = {
			isa = XCBuildConfiguration;
			baseConfigurationReference = 183101FB2A61C20C18B6A692 /* Pods-Raffle.release.xcconfig */;
			buildSettings = {
				ASSETCATALOG_COMPILER_APPICON_NAME = AppIcon;
				CODE_SIGN_IDENTITY = "iPhone Developer";
				CURRENT_PROJECT_VERSION = 1;
				DEVELOPMENT_TEAM = 4AGG3RNQPH;
				GCC_PRECOMPILE_PREFIX_HEADER = YES;
				GCC_PREFIX_HEADER = Raffle/Prefix.pch;
				INFOPLIST_FILE = Raffle/Info.plist;
				IPHONEOS_DEPLOYMENT_TARGET = 8.0;
				LD_RUNPATH_SEARCH_PATHS = "$(inherited) @executable_path/Frameworks";
				LIBRARY_SEARCH_PATHS = (
					"$(inherited)",
					"$(PROJECT_DIR)/AdMobMediation_Adapter_InMobi",
				);
				PRODUCT_BUNDLE_IDENTIFIER = com.Syzygy.Raffle;
				PRODUCT_NAME = "$(TARGET_NAME)";
				VERSIONING_SYSTEM = "apple-generic";
			};
			name = Release;
		};
		41FE17461D5B10A300CABFCA /* Debug */ = {
			isa = XCBuildConfiguration;
			buildSettings = {
				BUNDLE_LOADER = "$(TEST_HOST)";
				INFOPLIST_FILE = RaffleTests/Info.plist;
				LD_RUNPATH_SEARCH_PATHS = "$(inherited) @executable_path/Frameworks @loader_path/Frameworks";
				PRODUCT_BUNDLE_IDENTIFIER = com.Syzygy.RaffleTests;
				PRODUCT_NAME = "$(TARGET_NAME)";
				TEST_HOST = "$(BUILT_PRODUCTS_DIR)/Raffle.app/Raffle";
			};
			name = Debug;
		};
		41FE17471D5B10A300CABFCA /* Release */ = {
			isa = XCBuildConfiguration;
			buildSettings = {
				BUNDLE_LOADER = "$(TEST_HOST)";
				INFOPLIST_FILE = RaffleTests/Info.plist;
				LD_RUNPATH_SEARCH_PATHS = "$(inherited) @executable_path/Frameworks @loader_path/Frameworks";
				PRODUCT_BUNDLE_IDENTIFIER = com.Syzygy.RaffleTests;
				PRODUCT_NAME = "$(TARGET_NAME)";
				TEST_HOST = "$(BUILT_PRODUCTS_DIR)/Raffle.app/Raffle";
			};
			name = Release;
		};
		41FE17491D5B10A300CABFCA /* Debug */ = {
			isa = XCBuildConfiguration;
			buildSettings = {
				INFOPLIST_FILE = RaffleUITests/Info.plist;
				LD_RUNPATH_SEARCH_PATHS = "$(inherited) @executable_path/Frameworks @loader_path/Frameworks";
				PRODUCT_BUNDLE_IDENTIFIER = com.Syzygy.RaffleUITests;
				PRODUCT_NAME = "$(TARGET_NAME)";
				TEST_TARGET_NAME = Raffle;
			};
			name = Debug;
		};
		41FE174A1D5B10A300CABFCA /* Release */ = {
			isa = XCBuildConfiguration;
			buildSettings = {
				INFOPLIST_FILE = RaffleUITests/Info.plist;
				LD_RUNPATH_SEARCH_PATHS = "$(inherited) @executable_path/Frameworks @loader_path/Frameworks";
				PRODUCT_BUNDLE_IDENTIFIER = com.Syzygy.RaffleUITests;
				PRODUCT_NAME = "$(TARGET_NAME)";
				TEST_TARGET_NAME = Raffle;
			};
			name = Release;
		};
/* End XCBuildConfiguration section */

/* Begin XCConfigurationList section */
		41FE170D1D5B10A200CABFCA /* Build configuration list for PBXProject "Raffle" */ = {
			isa = XCConfigurationList;
			buildConfigurations = (
				41FE17401D5B10A300CABFCA /* Debug */,
				41FE17411D5B10A300CABFCA /* Release */,
			);
			defaultConfigurationIsVisible = 0;
			defaultConfigurationName = Release;
		};
		41FE17421D5B10A300CABFCA /* Build configuration list for PBXNativeTarget "Raffle" */ = {
			isa = XCConfigurationList;
			buildConfigurations = (
				41FE17431D5B10A300CABFCA /* Debug */,
				41FE17441D5B10A300CABFCA /* Release */,
			);
			defaultConfigurationIsVisible = 0;
			defaultConfigurationName = Release;
		};
		41FE17451D5B10A300CABFCA /* Build configuration list for PBXNativeTarget "RaffleTests" */ = {
			isa = XCConfigurationList;
			buildConfigurations = (
				41FE17461D5B10A300CABFCA /* Debug */,
				41FE17471D5B10A300CABFCA /* Release */,
			);
			defaultConfigurationIsVisible = 0;
			defaultConfigurationName = Release;
		};
		41FE17481D5B10A300CABFCA /* Build configuration list for PBXNativeTarget "RaffleUITests" */ = {
			isa = XCConfigurationList;
			buildConfigurations = (
				41FE17491D5B10A300CABFCA /* Debug */,
				41FE174A1D5B10A300CABFCA /* Release */,
			);
			defaultConfigurationIsVisible = 0;
			defaultConfigurationName = Release;
		};
/* End XCConfigurationList section */

/* Begin XCVersionGroup section */
		41FE17211D5B10A300CABFCA /* Raffle.xcdatamodeld */ = {
			isa = XCVersionGroup;
			children = (
				41FE17221D5B10A300CABFCA /* Raffle.xcdatamodel */,
			);
			currentVersion = 41FE17221D5B10A300CABFCA /* Raffle.xcdatamodel */;
			path = Raffle.xcdatamodeld;
			sourceTree = "<group>";
			versionGroupType = wrapper.xcdatamodel;
		};
/* End XCVersionGroup section */
	};
	rootObject = 41FE170A1D5B10A200CABFCA /* Project object */;
}
